
Microsoft Visual Studio Solution File, Format Version 12.00
# Visual Studio Version 16
VisualStudioVersion = 16.0.31129.286
MinimumVisualStudioVersion = 10.0.40219.1
Project("{FAE04EC0-301F-11D3-BF4B-00C04F79EFBC}") = "Core_NewSolutions", "Core_NewSolutions.csproj", "{0059AE55-36B4-48AF-B77D-D0018CD90365}"
EndProject
Global
	GlobalSection(SolutionConfigurationPlatforms) = preSolution
		Debug|Any CPU = Debug|Any CPU
		Release|Any CPU = Release|Any CPU
	EndGlobalSection
	GlobalSection(ProjectConfigurationPlatforms) = postSolution
		{0059AE55-36B4-48AF-B77D-D0018CD90365}.Debug|Any CPU.ActiveCfg = Debug|Any CPU
		{0059AE55-36B4-48AF-B77D-D0018CD90365}.Debug|Any CPU.Build.0 = Debug|Any CPU
		{0059AE55-36B4-48AF-B77D-D0018CD90365}.Release|Any CPU.ActiveCfg = Release|Any CPU
		{0059AE55-36B4-48AF-B77D-D0018CD90365}.Release|Any CPU.Build.0 = Release|Any CPU
	EndGlobalSection
	GlobalSection(SolutionProperties) = preSolution
		HideSolutionNode = FALSE
	EndGlobalSection
	GlobalSection(ExtensibilityGlobals) = postSolution
		SolutionGuid = {21CA1DC8-EF28-4F1E-AB4A-866110BA2947}
	EndGlobalSection
EndGlobal
